{
  "requires": true,
  "lockfileVersion": 1,
  "dependencies": {
    "@angular/common": {
      "version": "2.4.10",
      "resolved": "https://registry.npmjs.org/@angular/common/-/common-2.4.10.tgz",
      "integrity": "sha1-o6aC0iKPow7CPdDrV8joh/uiaZc="
    },
    "@angular/compiler": {
      "version": "2.4.10",
      "resolved": "https://registry.npmjs.org/@angular/compiler/-/compiler-2.4.10.tgz",
      "integrity": "sha1-9R/TSCCyoCx8th+89JhzxYBW+ww="
    },
    "@angular/core": {
      "version": "2.4.10",
      "resolved": "https://registry.npmjs.org/@angular/core/-/core-2.4.10.tgz",
      "integrity": "sha1-C4MgplBlll2ZhkWx9c0892m0Qeo="
    },
    "@angular/forms": {
      "version": "2.4.10",
      "resolved": "https://registry.npmjs.org/@angular/forms/-/forms-2.4.10.tgz",
      "integrity": "sha1-BiEzqq3h87PJYvFZMgjFQbYi/QY="
    },
    "@angular/platform-browser": {
      "version": "2.4.10",
      "resolved": "https://registry.npmjs.org/@angular/platform-browser/-/platform-browser-2.4.10.tgz",
      "integrity": "sha1-y/JWCBSPtP/vlsxQBbpdez4JOQY="
    },
    "@angular/platform-browser-dynamic": {
      "version": "2.4.10",
      "resolved": "https://registry.npmjs.org/@angular/platform-browser-dynamic/-/platform-browser-dynamic-2.4.10.tgz",
      "integrity": "sha1-jfJd7CsGrcaQzJvCZEjezK682Ow="
    },
    "@types/es6-shim": {
      "version": "0.31.39",
      "resolved": "https://registry.npmjs.org/@types/es6-shim/-/es6-shim-0.31.39.tgz",
      "integrity": "sha512-z2JtmHE1wg75JTdT1qWGvW4eDOk6DUW1Exdzrs+8QTPFttkdTr4pKVzLLCCAOUC8i/KiG+QtkSEteQ5hDxwbpg=="
    },
    "@types/zone.js": {
      "version": "0.0.27",
      "resolved": "https://registry.npmjs.org/@types/zone.js/-/zone.js-0.0.27.tgz",
      "integrity": "sha1-haYJdf5XHKXX9Y00ZFCvaqt+ciY="
    },
    "angular2-datepicker": {
      "version": "1.0.5",
      "resolved": "https://registry.npmjs.org/angular2-datepicker/-/angular2-datepicker-1.0.5.tgz",
      "integrity": "sha512-LorBADOb4tKAWBv/gdjiEJSG/nLs2LW0PgDg5G/QgkGwJJuttyez/oNCtxyECWb4ds//aC4wL/prdmrc9lMs6w==",
      "requires": {
        "@angular/common": "^2.3.1",
        "@angular/compiler": "^2.3.1",
        "@angular/core": "^2.3.1",
        "@angular/forms": "^2.3.1",
        "@angular/platform-browser": "^2.3.1",
        "@angular/platform-browser-dynamic": "^2.3.1",
        "@types/es6-shim": "^0.31.32",
        "@types/zone.js": "0.0.27",
        "bootstrap": "^3.3.7",
        "es6-shim": "~0.35.2",
        "ng2-bootstrap": "1.1.16",
        "reflect-metadata": "0.1.8",
        "rxjs": "5.0.0-rc.4",
        "zone.js": "^0.7.2"
      }
    },
    "bootstrap": {
      "version": "3.4.1",
      "resolved": "https://registry.npmjs.org/bootstrap/-/bootstrap-3.4.1.tgz",
      "integrity": "sha512-yN5oZVmRCwe5aKwzRj6736nSmKDX7pLYwsXiCj/EYmo16hODaBiT4En5btW/jhBF/seV+XMx3aYwukYC3A49DA=="
    },
    "es6-shim": {
      "version": "0.35.5",
      "resolved": "https://registry.npmjs.org/es6-shim/-/es6-shim-0.35.5.tgz",
      "integrity": "sha512-E9kK/bjtCQRpN1K28Xh4BlmP8egvZBGJJ+9GtnzOwt7mdqtrjHFuVGr7QJfdjBIKqrlU5duPf3pCBoDrkjVYFg=="
    },
    "moment": {
      "version": "2.15.1",
      "resolved": "https://registry.npmjs.org/moment/-/moment-2.15.1.tgz",
      "integrity": "sha1-6XnCop4iiI5g85byIgphGPhc2Uw="
    },
    "mydatepicker": {
      "version": "2.6.6",
      "resolved": "https://registry.npmjs.org/mydatepicker/-/mydatepicker-2.6.6.tgz",
      "integrity": "sha512-+rxmKtIDU18zgqksroeIkp6FXFHiHPx+rz0PBqoIZqyYDDK9xrCW9hnQi7yErtcukPRrWl4NCLF5LDp60YTCPA=="
    },
    "ng2-bootstrap": {
      "version": "1.1.16",
      "resolved": "https://registry.npmjs.org/ng2-bootstrap/-/ng2-bootstrap-1.1.16.tgz",
      "integrity": "sha1-DFzYOh+J+NIVxDqZ57ne2rV3rFs=",
      "requires": {
        "moment": "2.15.1"
      }
    },
    "ng2-date-picker": {
      "version": "2.12.0",
      "resolved": "https://registry.npmjs.org/ng2-date-picker/-/ng2-date-picker-2.12.0.tgz",
      "integrity": "sha512-jdoHgPdpBvdGNdcQNwiV4hdVH5hPoqCrbBVSgiT/cFbZ+ymhA+dMYv9k9Y5K21PsGbRTYElr5eUZ65C7HuDrnQ==",
      "requires": {
        "moment": "^2.24.0",
        "tslib": "^1.9.0"
      },
      "dependencies": {
        "moment": {
          "version": "2.24.0",
          "resolved": "https://registry.npmjs.org/moment/-/moment-2.24.0.tgz",
          "integrity": "sha512-bV7f+6l2QigeBBZSM/6yTNq4P2fNpSWj/0e7jQcy87A8e7o2nAfP/34/2ky5Vw4B9S446EtIhodAzkFCcR4dQg=="
        }
      }
    },
    "reflect-metadata": {
      "version": "0.1.8",
      "resolved": "https://registry.npmjs.org/reflect-metadata/-/reflect-metadata-0.1.8.tgz",
      "integrity": "sha1-ckJtVwtgd242iJaL1auVN6Fc7PY="
    },
    "rxjs": {
      "version": "5.0.0-rc.4",
      "resolved": "https://registry.npmjs.org/rxjs/-/rxjs-5.0.0-rc.4.tgz",
      "integrity": "sha1-pNCLxdfzDUjtcTDimVSQwyajJcQ=",
      "requires": {
        "symbol-observable": "^1.0.1"
      }
    },
    "symbol-observable": {
      "version": "1.2.0",
      "resolved": "https://registry.npmjs.org/symbol-observable/-/symbol-observable-1.2.0.tgz",
      "integrity": "sha512-e900nM8RRtGhlV36KGEU9k65K3mPb1WV70OdjfxlG2EAuM1noi/E/BaW/uMhL7bPEssK8QV57vN3esixjUvcXQ=="
    },
    "tslib": {
      "version": "1.10.0",
      "resolved": "https://registry.npmjs.org/tslib/-/tslib-1.10.0.tgz",
      "integrity": "sha512-qOebF53frne81cf0S9B41ByenJ3/IuH8yJKngAX35CmiZySA0khhkovshKK+jGCaMnVomla7gVlIcc3EvKPbTQ=="
    },
    "zone.js": {
      "version": "0.7.8",
      "resolved": "https://registry.npmjs.org/zone.js/-/zone.js-0.7.8.tgz",
      "integrity": "sha1-Tz/og01EWX8mOQU6D6Q43zT//e0="
    }
  }
}
